
Microsoft Visual Studio Solution File, Format Version 12.00
# Visual Studio Version 16
VisualStudioVersion = 16.0.31729.503
MinimumVisualStudioVersion = 10.0.40219.1
Project("{FAE04EC0-301F-11D3-BF4B-00C04F79EFBC}") = "eTickets", "eTickets\eTickets.csproj", "{85E48C70-2FAB-4A7E-91AC-0156E3DBEC9E}"
EndProject
Global
	GlobalSection(SolutionConfigurationPlatforms) = preSolution
		Debug|Any CPU = Debug|Any CPU
		Release|Any CPU = Release|Any CPU
	EndGlobalSection
	GlobalSection(ProjectConfigurationPlatforms) = postSolution
		{85E48C70-2FAB-4A7E-91AC-0156E3DBEC9E}.Debug|Any CPU.ActiveCfg = Debug|Any CPU
		{85E48C70-2FAB-4A7E-91AC-0156E3DBEC9E}.Debug|Any CPU.Build.0 = Debug|Any CPU
		{85E48C70-2FAB-4A7E-91AC-0156E3DBEC9E}.Release|Any CPU.ActiveCfg = Release|Any CPU
		{85E48C70-2FAB-4A7E-91AC-0156E3DBEC9E}.Release|Any CPU.Build.0 = Release|Any CPU
	EndGlobalSection
	GlobalSection(SolutionProperties) = preSolution
		HideSolutionNode = FALSE
	EndGlobalSection
	GlobalSection(ExtensibilityGlobals) = postSolution
		SolutionGuid = {6426698B-2029-4E61-9658-9C35CC5EB900}
	EndGlobalSection
EndGlobal
